
Microsoft Visual Studio Solution File, Format Version 12.00
# Visual Studio 15
VisualStudioVersion = 15.0.28307.136
MinimumVisualStudioVersion = 10.0.40219.1
Project("{FAE04EC0-301F-11D3-BF4B-00C04F79EFBC}") = "Simple Dino Game", "Simple Dino Game\Simple Dino Game.csproj", "{13FEFE15-DDF8-4012-80DA-D4CCAED6AA7B}"
EndProject
Global
	GlobalSection(SolutionConfigurationPlatforms) = preSolution
		Debug|Any CPU = Debug|Any CPU
		Release|Any CPU = Release|Any CPU
	EndGlobalSection
	GlobalSection(ProjectConfigurationPlatforms) = postSolution
		{13FEFE15-DDF8-4012-80DA-D4CCAED6AA7B}.Debug|Any CPU.ActiveCfg = Debug|Any CPU
		{13FEFE15-DDF8-4012-80DA-D4CCAED6AA7B}.Debug|Any CPU.Build.0 = Debug|Any CPU
		{13FEFE15-DDF8-4012-80DA-D4CCAED6AA7B}.Release|Any CPU.ActiveCfg = Release|Any CPU
		{13FEFE15-DDF8-4012-80DA-D4CCAED6AA7B}.Release|Any CPU.Build.0 = Release|Any CPU
	EndGlobalSection
	GlobalSection(SolutionProperties) = preSolution
		HideSolutionNode = FALSE
	EndGlobalSection
	GlobalSection(ExtensibilityGlobals) = postSolution
		SolutionGuid = {89902DB4-30A4-4F61-B34D-0B615EA2EBAB}
	EndGlobalSection
EndGlobal
